
Microsoft Visual Studio Solution File, Format Version 12.00
# Visual Studio Version 16
VisualStudioVersion = 16.0.32802.440
MinimumVisualStudioVersion = 10.0.40219.1
Project("{9A19103F-16F7-4668-BE54-9A1E7A4F7556}") = "CSMedicineStockMicroservice", "CSMedicineStockMicroservice.csproj", "{49789058-335A-4321-93A1-8CE4001E9D32}"
EndProject
Global
	GlobalSection(SolutionConfigurationPlatforms) = preSolution
		Debug|Any CPU = Debug|Any CPU
		Release|Any CPU = Release|Any CPU
	EndGlobalSection
	GlobalSection(ProjectConfigurationPlatforms) = postSolution
		{49789058-335A-4321-93A1-8CE4001E9D32}.Debug|Any CPU.ActiveCfg = Debug|Any CPU
		{49789058-335A-4321-93A1-8CE4001E9D32}.Debug|Any CPU.Build.0 = Debug|Any CPU
		{49789058-335A-4321-93A1-8CE4001E9D32}.Release|Any CPU.ActiveCfg = Release|Any CPU
		{49789058-335A-4321-93A1-8CE4001E9D32}.Release|Any CPU.Build.0 = Release|Any CPU
	EndGlobalSection
	GlobalSection(SolutionProperties) = preSolution
		HideSolutionNode = FALSE
	EndGlobalSection
	GlobalSection(ExtensibilityGlobals) = postSolution
		SolutionGuid = {DEA408CD-7B1F-453B-97AC-84B4BFCD8EF9}
	EndGlobalSection
EndGlobal
